// !$*UTF8*$!
{
	archiveVersion = 1;
	classes = {
	};
	objectVersion = 46;
	objects = {

/* Begin PBXBuildFile section */
		B20A14131AD6FC5D001BC1C1 /* AppDelegate.swift in Sources */ = {isa = PBXBuildFile; fileRef = B20A14121AD6FC5D001BC1C1 /* AppDelegate.swift */; };
		B20A14161AD6FC5D001BC1C1 /* HW_CoreDataFileSystem.xcdatamodeld in Sources */ = {isa = PBXBuildFile; fileRef = B20A14141AD6FC5D001BC1C1 /* HW_CoreDataFileSystem.xcdatamodeld */; };
		B20A141B1AD6FC5D001BC1C1 /* Main.storyboard in Resources */ = {isa = PBXBuildFile; fileRef = B20A14191AD6FC5D001BC1C1 /* Main.storyboard */; };
		B20A141D1AD6FC5D001BC1C1 /* Images.xcassets in Resources */ = {isa = PBXBuildFile; fileRef = B20A141C1AD6FC5D001BC1C1 /* Images.xcassets */; };
		B20A14201AD6FC5D001BC1C1 /* LaunchScreen.xib in Resources */ = {isa = PBXBuildFile; fileRef = B20A141E1AD6FC5D001BC1C1 /* LaunchScreen.xib */; };
		B20A142C1AD6FC5D001BC1C1 /* HW_CoreDataFileSystemTests.swift in Sources */ = {isa = PBXBuildFile; fileRef = B20A142B1AD6FC5D001BC1C1 /* HW_CoreDataFileSystemTests.swift */; };
		B20A14361AD704D6001BC1C1 /* TableViewController.swift in Sources */ = {isa = PBXBuildFile; fileRef = B20A14351AD704D6001BC1C1 /* TableViewController.swift */; };
		B2631A491ADC40A000C14CB8 /* File.swift in Sources */ = {isa = PBXBuildFile; fileRef = B2631A481ADC40A000C14CB8 /* File.swift */; };
		B2631A4D1ADC433200C14CB8 /* FileText.swift in Sources */ = {isa = PBXBuildFile; fileRef = B2631A4C1ADC433200C14CB8 /* FileText.swift */; };
		B2631A4F1ADC433200C14CB8 /* FileImage.swift in Sources */ = {isa = PBXBuildFile; fileRef = B2631A4E1ADC433200C14CB8 /* FileImage.swift */; };
		B2952C341ADB015A00736247 /* TextFileViewController.swift in Sources */ = {isa = PBXBuildFile; fileRef = B2952C331ADB015A00736247 /* TextFileViewController.swift */; };
		B2952C361ADB016A00736247 /* ImageFileViewController.swift in Sources */ = {isa = PBXBuildFile; fileRef = B2952C351ADB016A00736247 /* ImageFileViewController.swift */; };
		B297F6A81AD79A1C0012CCE5 /* CoreDataManager.swift in Sources */ = {isa = PBXBuildFile; fileRef = B297F6A71AD79A1C0012CCE5 /* CoreDataManager.swift */; };
		B297F6B01AD7A1BE0012CCE5 /* ImageTransformer.swift in Sources */ = {isa = PBXBuildFile; fileRef = B297F6AF1AD7A1BE0012CCE5 /* ImageTransformer.swift */; };
		B2D8495B1ADD640000094B8A /* FileCell.swift in Sources */ = {isa = PBXBuildFile; fileRef = B2D8495A1ADD640000094B8A /* FileCell.swift */; };
		B2D8495F1ADD66AD00094B8A /* folder_icon@2x.png in Resources */ = {isa = PBXBuildFile; fileRef = B2D8495C1ADD66AD00094B8A /* folder_icon@2x.png */; };
		B2D849601ADD66AD00094B8A /* photo_file_icon@2x.png in Resources */ = {isa = PBXBuildFile; fileRef = B2D8495D1ADD66AD00094B8A /* photo_file_icon@2x.png */; };
		B2D849611ADD66AD00094B8A /* text_file_icon@2x.png in Resources */ = {isa = PBXBuildFile; fileRef = B2D8495E1ADD66AD00094B8A /* text_file_icon@2x.png */; };
		B2D849631ADD9C9100094B8A /* FileFolder.swift in Sources */ = {isa = PBXBuildFile; fileRef = B2D849621ADD9C9100094B8A /* FileFolder.swift */; };
/* End PBXBuildFile section */

/* Begin PBXContainerItemProxy section */
		B20A14261AD6FC5D001BC1C1 /* PBXContainerItemProxy */ = {
			isa = PBXContainerItemProxy;
			containerPortal = B20A14051AD6FC5C001BC1C1 /* Project object */;
			proxyType = 1;
			remoteGlobalIDString = B20A140C1AD6FC5C001BC1C1;
			remoteInfo = HW_CoreDataFileSystem;
		};
/* End PBXContainerItemProxy section */

/* Begin PBXFileReference section */
		B20A140D1AD6FC5D001BC1C1 /* HW_CoreDataFileSystem.app */ = {isa = PBXFileReference; explicitFileType = wrapper.application; includeInIndex = 0; path = HW_CoreDataFileSystem.app; sourceTree = BUILT_PRODUCTS_DIR; };
		B20A14111AD6FC5D001BC1C1 /* Info.plist */ = {isa = PBXFileReference; lastKnownFileType = text.plist.xml; path = Info.plist; sourceTree = "<group>"; };
		B20A14121AD6FC5D001BC1C1 /* AppDelegate.swift */ = {isa = PBXFileReference; lastKnownFileType = sourcecode.swift; path = AppDelegate.swift; sourceTree = "<group>"; };
		B20A14151AD6FC5D001BC1C1 /* HW_CoreDataFileSystem.xcdatamodel */ = {isa = PBXFileReference; lastKnownFileType = wrapper.xcdatamodel; path = HW_CoreDataFileSystem.xcdatamodel; sourceTree = "<group>"; };
		B20A141A1AD6FC5D001BC1C1 /* Base */ = {isa = PBXFileReference; lastKnownFileType = file.storyboard; name = Base; path = Base.lproj/Main.storyboard; sourceTree = "<group>"; };
		B20A141C1AD6FC5D001BC1C1 /* Images.xcassets */ = {isa = PBXFileReference; lastKnownFileType = folder.assetcatalog; path = Images.xcassets; sourceTree = "<group>"; };
		B20A141F1AD6FC5D001BC1C1 /* Base */ = {isa = PBXFileReference; lastKnownFileType = file.xib; name = Base; path = Base.lproj/LaunchScreen.xib; sourceTree = "<group>"; };
		B20A14251AD6FC5D001BC1C1 /* HW_CoreDataFileSystemTests.xctest */ = {isa = PBXFileReference; explicitFileType = wrapper.cfbundle; includeInIndex = 0; path = HW_CoreDataFileSystemTests.xctest; sourceTree = BUILT_PRODUCTS_DIR; };
		B20A142A1AD6FC5D001BC1C1 /* Info.plist */ = {isa = PBXFileReference; lastKnownFileType = text.plist.xml; path = Info.plist; sourceTree = "<group>"; };
		B20A142B1AD6FC5D001BC1C1 /* HW_CoreDataFileSystemTests.swift */ = {isa = PBXFileReference; lastKnownFileType = sourcecode.swift; path = HW_CoreDataFileSystemTests.swift; sourceTree = "<group>"; };
		B20A14351AD704D6001BC1C1 /* TableViewController.swift */ = {isa = PBXFileReference; fileEncoding = 4; lastKnownFileType = sourcecode.swift; path = TableViewController.swift; sourceTree = "<group>"; };
		B2631A481ADC40A000C14CB8 /* File.swift */ = {isa = PBXFileReference; fileEncoding = 4; lastKnownFileType = sourcecode.swift; path = File.swift; sourceTree = "<group>"; };
		B2631A4C1ADC433200C14CB8 /* FileText.swift */ = {isa = PBXFileReference; fileEncoding = 4; lastKnownFileType = sourcecode.swift; path = FileText.swift; sourceTree = "<group>"; };
		B2631A4E1ADC433200C14CB8 /* FileImage.swift */ = {isa = PBXFileReference; fileEncoding = 4; lastKnownFileType = sourcecode.swift; path = FileImage.swift; sourceTree = "<group>"; };
		B2952C331ADB015A00736247 /* TextFileViewController.swift */ = {isa = PBXFileReference; fileEncoding = 4; lastKnownFileType = sourcecode.swift; path = TextFileViewController.swift; sourceTree = "<group>"; };
		B2952C351ADB016A00736247 /* ImageFileViewController.swift */ = {isa = PBXFileReference; fileEncoding = 4; lastKnownFileType = sourcecode.swift; path = ImageFileViewController.swift; sourceTree = "<group>"; };
		B297F6A71AD79A1C0012CCE5 /* CoreDataManager.swift */ = {isa = PBXFileReference; fileEncoding = 4; lastKnownFileType = sourcecode.swift; path = CoreDataManager.swift; sourceTree = "<group>"; };
		B297F6AF1AD7A1BE0012CCE5 /* ImageTransformer.swift */ = {isa = PBXFileReference; fileEncoding = 4; lastKnownFileType = sourcecode.swift; path = ImageTransformer.swift; sourceTree = "<group>"; };
		B2D8495A1ADD640000094B8A /* FileCell.swift */ = {isa = PBXFileReference; fileEncoding = 4; lastKnownFileType = sourcecode.swift; path = FileCell.swift; sourceTree = "<group>"; };
		B2D8495C1ADD66AD00094B8A /* folder_icon@2x.png */ = {isa = PBXFileReference; lastKnownFileType = image.png; path = "folder_icon@2x.png"; sourceTree = "<group>"; };
		B2D8495D1ADD66AD00094B8A /* photo_file_icon@2x.png */ = {isa = PBXFileReference; lastKnownFileType = image.png; path = "photo_file_icon@2x.png"; sourceTree = "<group>"; };
		B2D8495E1ADD66AD00094B8A /* text_file_icon@2x.png */ = {isa = PBXFileReference; lastKnownFileType = image.png; path = "text_file_icon@2x.png"; sourceTree = "<group>"; };
		B2D849621ADD9C9100094B8A /* FileFolder.swift */ = {isa = PBXFileReference; fileEncoding = 4; lastKnownFileType = sourcecode.swift; path = FileFolder.swift; sourceTree = "<group>"; };
/* End PBXFileReference section */

/* Begin PBXFrameworksBuildPhase section */
		B20A140A1AD6FC5C001BC1C1 /* Frameworks */ = {
			isa = PBXFrameworksBuildPhase;
			buildActionMask = 2147483647;
			files = (
			);
			runOnlyForDeploymentPostprocessing = 0;
		};
		B20A14221AD6FC5D001BC1C1 /* Frameworks */ = {
			isa = PBXFrameworksBuildPhase;
			buildActionMask = 2147483647;
			files = (
			);
			runOnlyForDeploymentPostprocessing = 0;
		};
/* End PBXFrameworksBuildPhase section */

/* Begin PBXGroup section */
		B20A14041AD6FC5C001BC1C1 = {
			isa = PBXGroup;
			children = (
				B20A140F1AD6FC5D001BC1C1 /* HW_CoreDataFileSystem */,
				B20A14281AD6FC5D001BC1C1 /* HW_CoreDataFileSystemTests */,
				B20A140E1AD6FC5D001BC1C1 /* Products */,
			);
			sourceTree = "<group>";
		};
		B20A140E1AD6FC5D001BC1C1 /* Products */ = {
			isa = PBXGroup;
			children = (
				B20A140D1AD6FC5D001BC1C1 /* HW_CoreDataFileSystem.app */,
				B20A14251AD6FC5D001BC1C1 /* HW_CoreDataFileSystemTests.xctest */,
			);
			name = Products;
			sourceTree = "<group>";
		};
		B20A140F1AD6FC5D001BC1C1 /* HW_CoreDataFileSystem */ = {
			isa = PBXGroup;
			children = (
				B20A141C1AD6FC5D001BC1C1 /* Images.xcassets */,
				B297F6B11AD7A1E20012CCE5 /* Model */,
				B297F6B21AD7A1E70012CCE5 /* View */,
				B297F6B31AD7A1EB0012CCE5 /* Controller */,
				B20A14101AD6FC5D001BC1C1 /* Supporting Files */,
			);
			path = HW_CoreDataFileSystem;
			sourceTree = "<group>";
		};
		B20A14101AD6FC5D001BC1C1 /* Supporting Files */ = {
			isa = PBXGroup;
			children = (
				B2D8495C1ADD66AD00094B8A /* folder_icon@2x.png */,
				B2D8495D1ADD66AD00094B8A /* photo_file_icon@2x.png */,
				B2D8495E1ADD66AD00094B8A /* text_file_icon@2x.png */,
				B20A14111AD6FC5D001BC1C1 /* Info.plist */,
			);
			name = "Supporting Files";
			sourceTree = "<group>";
		};
		B20A14281AD6FC5D001BC1C1 /* HW_CoreDataFileSystemTests */ = {
			isa = PBXGroup;
			children = (
				B20A142B1AD6FC5D001BC1C1 /* HW_CoreDataFileSystemTests.swift */,
				B20A14291AD6FC5D001BC1C1 /* Supporting Files */,
			);
			path = HW_CoreDataFileSystemTests;
			sourceTree = "<group>";
		};
		B20A14291AD6FC5D001BC1C1 /* Supporting Files */ = {
			isa = PBXGroup;
			children = (
				B20A142A1AD6FC5D001BC1C1 /* Info.plist */,
			);
			name = "Supporting Files";
			sourceTree = "<group>";
		};
		B297F6B11AD7A1E20012CCE5 /* Model */ = {
			isa = PBXGroup;
			children = (
				B20A14121AD6FC5D001BC1C1 /* AppDelegate.swift */,
				B297F6A71AD79A1C0012CCE5 /* CoreDataManager.swift */,
				B297F6AF1AD7A1BE0012CCE5 /* ImageTransformer.swift */,
				B2D849641ADDA3DB00094B8A /* CoreData Classes */,
				B20A14141AD6FC5D001BC1C1 /* HW_CoreDataFileSystem.xcdatamodeld */,
			);
			name = Model;
			sourceTree = "<group>";
		};
		B297F6B21AD7A1E70012CCE5 /* View */ = {
			isa = PBXGroup;
			children = (
				B2D8495A1ADD640000094B8A /* FileCell.swift */,
				B20A14191AD6FC5D001BC1C1 /* Main.storyboard */,
				B20A141E1AD6FC5D001BC1C1 /* LaunchScreen.xib */,
			);
			name = View;
			sourceTree = "<group>";
		};
		B297F6B31AD7A1EB0012CCE5 /* Controller */ = {
			isa = PBXGroup;
			children = (
				B20A14351AD704D6001BC1C1 /* TableViewController.swift */,
				B2952C331ADB015A00736247 /* TextFileViewController.swift */,
				B2952C351ADB016A00736247 /* ImageFileViewController.swift */,
			);
			name = Controller;
			sourceTree = "<group>";
		};
		B2D849641ADDA3DB00094B8A /* CoreData Classes */ = {
			isa = PBXGroup;
			children = (
				B2631A481ADC40A000C14CB8 /* File.swift */,
				B2D849621ADD9C9100094B8A /* FileFolder.swift */,
				B2631A4E1ADC433200C14CB8 /* FileImage.swift */,
				B2631A4C1ADC433200C14CB8 /* FileText.swift */,
			);
			name = "CoreData Classes";
			sourceTree = "<group>";
		};
/* End PBXGroup section */

/* Begin PBXNativeTarget section */
		B20A140C1AD6FC5C001BC1C1 /* HW_CoreDataFileSystem */ = {
			isa = PBXNativeTarget;
			buildConfigurationList = B20A142F1AD6FC5D001BC1C1 /* Build configuration list for PBXNativeTarget "HW_CoreDataFileSystem" */;
			buildPhases = (
				B20A14091AD6FC5C001BC1C1 /* Sources */,
				B20A140A1AD6FC5C001BC1C1 /* Frameworks */,
				B20A140B1AD6FC5C001BC1C1 /* Resources */,
			);
			buildRules = (
			);
			dependencies = (
			);
			name = HW_CoreDataFileSystem;
			productName = HW_CoreDataFileSystem;
			productReference = B20A140D1AD6FC5D001BC1C1 /* HW_CoreDataFileSystem.app */;
			productType = "com.apple.product-type.application";
		};
		B20A14241AD6FC5D001BC1C1 /* HW_CoreDataFileSystemTests */ = {
			isa = PBXNativeTarget;
			buildConfigurationList = B20A14321AD6FC5D001BC1C1 /* Build configuration list for PBXNativeTarget "HW_CoreDataFileSystemTests" */;
			buildPhases = (
				B20A14211AD6FC5D001BC1C1 /* Sources */,
				B20A14221AD6FC5D001BC1C1 /* Frameworks */,
				B20A14231AD6FC5D001BC1C1 /* Resources */,
			);
			buildRules = (
			);
			dependencies = (
				B20A14271AD6FC5D001BC1C1 /* PBXTargetDependency */,
			);
			name = HW_CoreDataFileSystemTests;
			productName = HW_CoreDataFileSystemTests;
			productReference = B20A14251AD6FC5D001BC1C1 /* HW_CoreDataFileSystemTests.xctest */;
			productType = "com.apple.product-type.bundle.unit-test";
		};
/* End PBXNativeTarget section */

/* Begin PBXProject section */
		B20A14051AD6FC5C001BC1C1 /* Project object */ = {
			isa = PBXProject;
			attributes = {
				LastUpgradeCheck = 0620;
				ORGANIZATIONNAME = Gena;
				TargetAttributes = {
					B20A140C1AD6FC5C001BC1C1 = {
						CreatedOnToolsVersion = 6.2;
					};
					B20A14241AD6FC5D001BC1C1 = {
						CreatedOnToolsVersion = 6.2;
						TestTargetID = B20A140C1AD6FC5C001BC1C1;
					};
				};
			};
			buildConfigurationList = B20A14081AD6FC5C001BC1C1 /* Build configuration list for PBXProject "HW_CoreDataFileSystem" */;
			compatibilityVersion = "Xcode 3.2";
			developmentRegion = English;
			hasScannedForEncodings = 0;
			knownRegions = (
				en,
				Base,
			);
			mainGroup = B20A14041AD6FC5C001BC1C1;
			productRefGroup = B20A140E1AD6FC5D001BC1C1 /* Products */;
			projectDirPath = "";
			projectRoot = "";
			targets = (
				B20A140C1AD6FC5C001BC1C1 /* HW_CoreDataFileSystem */,
				B20A14241AD6FC5D001BC1C1 /* HW_CoreDataFileSystemTests */,
			);
		};
/* End PBXProject section */

/* Begin PBXResourcesBuildPhase section */
		B20A140B1AD6FC5C001BC1C1 /* Resources */ = {
			isa = PBXResourcesBuildPhase;
			buildActionMask = 2147483647;
			files = (
				B2D849611ADD66AD00094B8A /* text_file_icon@2x.png in Resources */,
				B20A141B1AD6FC5D001BC1C1 /* Main.storyboard in Resources */,
				B20A14201AD6FC5D001BC1C1 /* LaunchScreen.xib in Resources */,
				B20A141D1AD6FC5D001BC1C1 /* Images.xcassets in Resources */,
				B2D849601ADD66AD00094B8A /* photo_file_icon@2x.png in Resources */,
				B2D8495F1ADD66AD00094B8A /* folder_icon@2x.png in Resources */,
			);
			runOnlyForDeploymentPostprocessing = 0;
		};
		B20A14231AD6FC5D001BC1C1 /* Resources */ = {
			isa = PBXResourcesBuildPhase;
			buildActionMask = 2147483647;
			files = (
			);
			runOnlyForDeploymentPostprocessing = 0;
		};
/* End PBXResourcesBuildPhase section */

/* Begin PBXSourcesBuildPhase section */
		B20A14091AD6FC5C001BC1C1 /* Sources */ = {
			isa = PBXSourcesBuildPhase;
			buildActionMask = 2147483647;
			files = (
				B2631A491ADC40A000C14CB8 /* File.swift in Sources */,
				B2631A4D1ADC433200C14CB8 /* FileText.swift in Sources */,
				B2D8495B1ADD640000094B8A /* FileCell.swift in Sources */,
				B20A14161AD6FC5D001BC1C1 /* HW_CoreDataFileSystem.xcdatamodeld in Sources */,
				B2952C361ADB016A00736247 /* ImageFileViewController.swift in Sources */,
				B20A14131AD6FC5D001BC1C1 /* AppDelegate.swift in Sources */,
				B297F6A81AD79A1C0012CCE5 /* CoreDataManager.swift in Sources */,
				B2D849631ADD9C9100094B8A /* FileFolder.swift in Sources */,
				B2952C341ADB015A00736247 /* TextFileViewController.swift in Sources */,
				B20A14361AD704D6001BC1C1 /* TableViewController.swift in Sources */,
				B2631A4F1ADC433200C14CB8 /* FileImage.swift in Sources */,
				B297F6B01AD7A1BE0012CCE5 /* ImageTransformer.swift in Sources */,
			);
			runOnlyForDeploymentPostprocessing = 0;
		};
		B20A14211AD6FC5D001BC1C1 /* Sources */ = {
			isa = PBXSourcesBuildPhase;
			buildActionMask = 2147483647;
			files = (
				B20A142C1AD6FC5D001BC1C1 /* HW_CoreDataFileSystemTests.swift in Sources */,
			);
			runOnlyForDeploymentPostprocessing = 0;
		};
/* End PBXSourcesBuildPhase section */

/* Begin PBXTargetDependency section */
		B20A14271AD6FC5D001BC1C1 /* PBXTargetDependency */ = {
			isa = PBXTargetDependency;
			target = B20A140C1AD6FC5C001BC1C1 /* HW_CoreDataFileSystem */;
			targetProxy = B20A14261AD6FC5D001BC1C1 /* PBXContainerItemProxy */;
		};
/* End PBXTargetDependency section */

/* Begin PBXVariantGroup section */
		B20A14191AD6FC5D001BC1C1 /* Main.storyboard */ = {
			isa = PBXVariantGroup;
			children = (
				B20A141A1AD6FC5D001BC1C1 /* Base */,
			);
			name = Main.storyboard;
			sourceTree = "<group>";
		};
		B20A141E1AD6FC5D001BC1C1 /* LaunchScreen.xib */ = {
			isa = PBXVariantGroup;
			children = (
				B20A141F1AD6FC5D001BC1C1 /* Base */,
			);
			name = LaunchScreen.xib;
			sourceTree = "<group>";
		};
/* End PBXVariantGroup section */

/* Begin XCBuildConfiguration section */
		B20A142D1AD6FC5D001BC1C1 /* Debug */ = {
			isa = XCBuildConfiguration;
			buildSettings = {
				ALWAYS_SEARCH_USER_PATHS = NO;
				CLANG_CXX_LANGUAGE_STANDARD = "gnu++0x";
				CLANG_CXX_LIBRARY = "libc++";
				CLANG_ENABLE_MODULES = YES;
				CLANG_ENABLE_OBJC_ARC = YES;
				CLANG_WARN_BOOL_CONVERSION = YES;
				CLANG_WARN_CONSTANT_CONVERSION = YES;
				CLANG_WARN_DIRECT_OBJC_ISA_USAGE = YES_ERROR;
				CLANG_WARN_EMPTY_BODY = YES;
				CLANG_WARN_ENUM_CONVERSION = YES;
				CLANG_WARN_INT_CONVERSION = YES;
				CLANG_WARN_OBJC_ROOT_CLASS = YES_ERROR;
				CLANG_WARN_UNREACHABLE_CODE = YES;
				CLANG_WARN__DUPLICATE_METHOD_MATCH = YES;
				"CODE_SIGN_IDENTITY[sdk=iphoneos*]" = "iPhone Developer";
				COPY_PHASE_STRIP = NO;
				ENABLE_STRICT_OBJC_MSGSEND = YES;
				GCC_C_LANGUAGE_STANDARD = gnu99;
				GCC_DYNAMIC_NO_PIC = NO;
				GCC_OPTIMIZATION_LEVEL = 0;
				GCC_PREPROCESSOR_DEFINITIONS = (
					"DEBUG=1",
					"$(inherited)",
				);
				GCC_SYMBOLS_PRIVATE_EXTERN = NO;
				GCC_WARN_64_TO_32_BIT_CONVERSION = YES;
				GCC_WARN_ABOUT_RETURN_TYPE = YES_ERROR;
				GCC_WARN_UNDECLARED_SELECTOR = YES;
				GCC_WARN_UNINITIALIZED_AUTOS = YES_AGGRESSIVE;
				GCC_WARN_UNUSED_FUNCTION = YES;
				GCC_WARN_UNUSED_VARIABLE = YES;
				IPHONEOS_DEPLOYMENT_TARGET = 8.2;
				MTL_ENABLE_DEBUG_INFO = YES;
				ONLY_ACTIVE_ARCH = YES;
				SDKROOT = iphoneos;
				SWIFT_OPTIMIZATION_LEVEL = "-Onone";
			};
			name = Debug;
		};
		B20A142E1AD6FC5D001BC1C1 /* Release */ = {
			isa = XCBuildConfiguration;
			buildSettings = {
				ALWAYS_SEARCH_USER_PATHS = NO;
				CLANG_CXX_LANGUAGE_STANDARD = "gnu++0x";
				CLANG_CXX_LIBRARY = "libc++";
				CLANG_ENABLE_MODULES = YES;
				CLANG_ENABLE_OBJC_ARC = YES;
				CLANG_WARN_BOOL_CONVERSION = YES;
				CLANG_WARN_CONSTANT_CONVERSION = YES;
				CLANG_WARN_DIRECT_OBJC_ISA_USAGE = YES_ERROR;
				CLANG_WARN_EMPTY_BODY = YES;
				CLANG_WARN_ENUM_CONVERSION = YES;
				CLANG_WARN_INT_CONVERSION = YES;
				CLANG_WARN_OBJC_ROOT_CLASS = YES_ERROR;
				CLANG_WARN_UNREACHABLE_CODE = YES;
				CLANG_WARN__DUPLICATE_METHOD_MATCH = YES;
				"CODE_SIGN_IDENTITY[sdk=iphoneos*]" = "iPhone Developer";
				COPY_PHASE_STRIP = NO;
				ENABLE_NS_ASSERTIONS = NO;
				ENABLE_STRICT_OBJC_MSGSEND = YES;
				GCC_C_LANGUAGE_STANDARD = gnu99;
				GCC_WARN_64_TO_32_BIT_CONVERSION = YES;
				GCC_WARN_ABOUT_RETURN_TYPE = YES_ERROR;
				GCC_WARN_UNDECLARED_SELECTOR = YES;
				GCC_WARN_UNINITIALIZED_AUTOS = YES_AGGRESSIVE;
				GCC_WARN_UNUSED_FUNCTION = YES;
				GCC_WARN_UNUSED_VARIABLE = YES;
				IPHONEOS_DEPLOYMENT_TARGET = 8.2;
				MTL_ENABLE_DEBUG_INFO = NO;
				SDKROOT = iphoneos;
				VALIDATE_PRODUCT = YES;
			};
			name = Release;
		};
		B20A14301AD6FC5D001BC1C1 /* Debug */ = {
			isa = XCBuildConfiguration;
			buildSettings = {
				ASSETCATALOG_COMPILER_APPICON_NAME = AppIcon;
				INFOPLIST_FILE = HW_CoreDataFileSystem/Info.plist;
				LD_RUNPATH_SEARCH_PATHS = "$(inherited) @executable_path/Frameworks";
				PRODUCT_NAME = "$(TARGET_NAME)";
			};
			name = Debug;
		};
		B20A14311AD6FC5D001BC1C1 /* Release */ = {
			isa = XCBuildConfiguration;
			buildSettings = {
				ASSETCATALOG_COMPILER_APPICON_NAME = AppIcon;
				INFOPLIST_FILE = HW_CoreDataFileSystem/Info.plist;
				LD_RUNPATH_SEARCH_PATHS = "$(inherited) @executable_path/Frameworks";
				PRODUCT_NAME = "$(TARGET_NAME)";
			};
			name = Release;
		};
		B20A14331AD6FC5D001BC1C1 /* Debug */ = {
			isa = XCBuildConfiguration;
			buildSettings = {
				BUNDLE_LOADER = "$(TEST_HOST)";
				FRAMEWORK_SEARCH_PATHS = (
					"$(SDKROOT)/Developer/Library/Frameworks",
					"$(inherited)",
				);
				GCC_PREPROCESSOR_DEFINITIONS = (
					"DEBUG=1",
					"$(inherited)",
				);
				INFOPLIST_FILE = HW_CoreDataFileSystemTests/Info.plist;
				LD_RUNPATH_SEARCH_PATHS = "$(inherited) @executable_path/Frameworks @loader_path/Frameworks";
				PRODUCT_NAME = "$(TARGET_NAME)";
				TEST_HOST = "$(BUILT_PRODUCTS_DIR)/HW_CoreDataFileSystem.app/HW_CoreDataFileSystem";
			};
			name = Debug;
		};
		B20A14341AD6FC5D001BC1C1 /* Release */ = {
			isa = XCBuildConfiguration;
			buildSettings = {
				BUNDLE_LOADER = "$(TEST_HOST)";
				FRAMEWORK_SEARCH_PATHS = (
					"$(SDKROOT)/Developer/Library/Frameworks",
					"$(inherited)",
				);
				INFOPLIST_FILE = HW_CoreDataFileSystemTests/Info.plist;
				LD_RUNPATH_SEARCH_PATHS = "$(inherited) @executable_path/Frameworks @loader_path/Frameworks";
				PRODUCT_NAME = "$(TARGET_NAME)";
				TEST_HOST = "$(BUILT_PRODUCTS_DIR)/HW_CoreDataFileSystem.app/HW_CoreDataFileSystem";
			};
			name = Release;
		};
/* End XCBuildConfiguration section */

/* Begin XCConfigurationList section */
		B20A14081AD6FC5C001BC1C1 /* Build configuration list for PBXProject "HW_CoreDataFileSystem" */ = {
			isa = XCConfigurationList;
			buildConfigurations = (
				B20A142D1AD6FC5D001BC1C1 /* Debug */,
				B20A142E1AD6FC5D001BC1C1 /* Release */,
			);
			defaultConfigurationIsVisible = 0;
			defaultConfigurationName = Release;
		};
		B20A142F1AD6FC5D001BC1C1 /* Build configuration list for PBXNativeTarget "HW_CoreDataFileSystem" */ = {
			isa = XCConfigurationList;
			buildConfigurations = (
				B20A14301AD6FC5D001BC1C1 /* Debug */,
				B20A14311AD6FC5D001BC1C1 /* Release */,
			);
			defaultConfigurationIsVisible = 0;
			defaultConfigurationName = Release;
		};
		B20A14321AD6FC5D001BC1C1 /* Build configuration list for PBXNativeTarget "HW_CoreDataFileSystemTests" */ = {
			isa = XCConfigurationList;
			buildConfigurations = (
				B20A14331AD6FC5D001BC1C1 /* Debug */,
				B20A14341AD6FC5D001BC1C1 /* Release */,
			);
			defaultConfigurationIsVisible = 0;
			defaultConfigurationName = Release;
		};
/* End XCConfigurationList section */

/* Begin XCVersionGroup section */
		B20A14141AD6FC5D001BC1C1 /* HW_CoreDataFileSystem.xcdatamodeld */ = {
			isa = XCVersionGroup;
			children = (
				B20A14151AD6FC5D001BC1C1 /* HW_CoreDataFileSystem.xcdatamodel */,
			);
			currentVersion = B20A14151AD6FC5D001BC1C1 /* HW_CoreDataFileSystem.xcdatamodel */;
			path = HW_CoreDataFileSystem.xcdatamodeld;
			sourceTree = "<group>";
			versionGroupType = wrapper.xcdatamodel;
		};
/* End XCVersionGroup section */
	};
	rootObject = B20A14051AD6FC5C001BC1C1 /* Project object */;
}
